{
  "nodes": {
    "h2505": {
      "inputs": {
        "nixpkgs": [
          "v2505"
        ]
      },
      "locked": {
        "lastModified": 1726989464,
        "narHash": "sha256-Vl+WVTJwutXkimwGprnEtXc/s/s8sMuXzqXaspIGlwM=",
        "owner": "nix-community",
        "repo": "home-manager",
        "rev": "2f23fa308a7c067e52dfcc30a0758f47043ec176",
        "type": "github"
      },
      "original": {
        "owner": "nix-community",
        "ref": "release-24.05",
        "repo": "home-manager",
        "type": "github"
      }
    },
    "root": {
      "inputs": {
        "h2505": "h2505",
        "v2505": "v2505"
      }
    },
    "v2505": {
      "locked": {
        "lastModified": 1757642061,
        "narHash": "sha256-tbD+Y4olm5ONA0pmPP3jJt0aUnaN6z4juoXMhdzleu4=",
        "owner": "NixOS",
        "repo": "nixpkgs",
        "rev": "389c3cf94907c4b7a9137657aa3b9207753057c7",
        "type": "github"
      },
      "original": {
        "owner": "NixOS",
        "ref": "release-25.05",
        "repo": "nixpkgs",
        "type": "github"
      }
    }
  },
  "root": "root",
  "version": 7
}
