{
  "nodes": {
    "crane": {
      "locked": {
        "lastModified": 1760924934,
        "narHash": "sha256-tuuqY5aU7cUkR71sO2TraVKK2boYrdW3gCSXUkF4i44=",
        "owner": "ipetkov",
        "repo": "crane",
        "rev": "c6b4d5308293d0d04fcfeee92705017537cad02f",
        "type": "github"
      },
      "original": {
        "owner": "ipetkov",
        "repo": "crane",
        "type": "github"
      }
    },
    "devshell": {
      "inputs": {
        "nixpkgs": "nixpkgs"
      },
      "locked": {
        "lastModified": 1741473158,
        "narHash": "sha256-kWNaq6wQUbUMlPgw8Y+9/9wP0F8SHkjy24/mN3UAppg=",
        "owner": "numtide",
        "repo": "devshell",
        "rev": "7c9e793ebe66bcba8292989a68c0419b737a22a0",
        "type": "github"
      },
      "original": {
        "owner": "numtide",
        "repo": "devshell",
        "type": "github"
      }
    },
    "envoluntary": {
      "inputs": {
        "crane": "crane",
        "devshell": "devshell",
        "flake-parts": "flake-parts",
        "home-manager": [
          "h25_05"
        ],
        "nixpkgs": [
          "v25_05"
        ],
        "rust-overlay": "rust-overlay"
      },
      "locked": {
        "lastModified": 1762459801,
        "narHash": "sha256-/Ur7THzRBQvA7ZhHHFKeY05+JFcqpg2EZEhgzWouJ3s=",
        "owner": "dfrankland",
        "repo": "envoluntary",
        "rev": "59bbacad6981f84cc8a5689ee5137a17275359df",
        "type": "github"
      },
      "original": {
        "owner": "dfrankland",
        "repo": "envoluntary",
        "type": "github"
      }
    },
    "flake-parts": {
      "inputs": {
        "nixpkgs-lib": "nixpkgs-lib"
      },
      "locked": {
        "lastModified": 1760948891,
        "narHash": "sha256-TmWcdiUUaWk8J4lpjzu4gCGxWY6/Ok7mOK4fIFfBuU4=",
        "owner": "hercules-ci",
        "repo": "flake-parts",
        "rev": "864599284fc7c0ba6357ed89ed5e2cd5040f0c04",
        "type": "github"
      },
      "original": {
        "owner": "hercules-ci",
        "repo": "flake-parts",
        "type": "github"
      }
    },
    "h25_05": {
      "inputs": {
        "nixpkgs": [
          "v25_05"
        ]
      },
      "locked": {
        "lastModified": 1758463745,
        "narHash": "sha256-uhzsV0Q0I9j2y/rfweWeGif5AWe0MGrgZ/3TjpDYdGA=",
        "owner": "nix-community",
        "repo": "home-manager",
        "rev": "3b955f5f0a942f9f60cdc9cacb7844335d0f21c3",
        "type": "github"
      },
      "original": {
        "owner": "nix-community",
        "ref": "release-25.05",
        "repo": "home-manager",
        "type": "github"
      }
    },
    "nixpkgs": {
      "locked": {
        "lastModified": 1722073938,
        "narHash": "sha256-OpX0StkL8vpXyWOGUD6G+MA26wAXK6SpT94kLJXo6B4=",
        "owner": "NixOS",
        "repo": "nixpkgs",
        "rev": "e36e9f57337d0ff0cf77aceb58af4c805472bfae",
        "type": "github"
      },
      "original": {
        "owner": "NixOS",
        "ref": "nixpkgs-unstable",
        "repo": "nixpkgs",
        "type": "github"
      }
    },
    "nixpkgs-lib": {
      "locked": {
        "lastModified": 1754788789,
        "narHash": "sha256-x2rJ+Ovzq0sCMpgfgGaaqgBSwY+LST+WbZ6TytnT9Rk=",
        "owner": "nix-community",
        "repo": "nixpkgs.lib",
        "rev": "a73b9c743612e4244d865a2fdee11865283c04e6",
        "type": "github"
      },
      "original": {
        "owner": "nix-community",
        "repo": "nixpkgs.lib",
        "type": "github"
      }
    },
    "root": {
      "inputs": {
        "envoluntary": "envoluntary",
        "h25_05": "h25_05",
        "v25_05": "v25_05"
      }
    },
    "rust-overlay": {
      "inputs": {
        "nixpkgs": [
          "envoluntary",
          "nixpkgs"
        ]
      },
      "locked": {
        "lastModified": 1761359705,
        "narHash": "sha256-uxbkhL4zcSz4QHbevw77zy9ZTMfgGuH0nrm7rrwoKvI=",
        "owner": "oxalica",
        "repo": "rust-overlay",
        "rev": "786fabe5c3c8f896c51ef51ea5dc5c43faf732db",
        "type": "github"
      },
      "original": {
        "owner": "oxalica",
        "repo": "rust-overlay",
        "type": "github"
      }
    },
    "v25_05": {
      "locked": {
        "lastModified": 1760392495,
        "narHash": "sha256-Z8R9MazlsXShZsfN1oTq9P4ljWq1YRtJFuI4k2c2G8Q=",
        "owner": "NixOS",
        "repo": "nixpkgs",
        "rev": "4c0426efac242de67c7ae62b463df08f7d12a462",
        "type": "github"
      },
      "original": {
        "owner": "NixOS",
        "ref": "release-25.05",
        "repo": "nixpkgs",
        "type": "github"
      }
    }
  },
  "root": "root",
  "version": 7
}
