{
  "nodes": {
    "hm": {
      "inputs": {
        "nixpkgs": [
          "nixpkgs"
        ]
      },
      "locked": {
        "lastModified": 1733317578,
        "narHash": "sha256-anN/LcP5IuqEARvhPETg1vnbyG3IQ0wdvSAYEJfIQzA=",
        "owner": "nix-community",
        "repo": "home-manager",
        "rev": "ad48eb25cd0b00ce730da00fa1f8e6e6c27b397d",
        "type": "github"
      },
      "original": {
        "owner": "nix-community",
        "ref": "master",
        "repo": "home-manager",
        "type": "github"
      }
    },
    "nixpkgs": {
      "locked": {
        "lastModified": 1733331329,
        "narHash": "sha256-WL/Vav9/bl+JvyDc0VM+5JwtwPniY78uC6m0FkvzQ7Q=",
        "owner": "NixOS",
        "repo": "nixpkgs",
        "rev": "8bba08c5a61e50cf30b3740ebdc250681f94540c",
        "type": "github"
      },
      "original": {
        "owner": "NixOS",
        "ref": "release-24.11",
        "repo": "nixpkgs",
        "type": "github"
      }
    },
    "root": {
      "inputs": {
        "hm": "hm",
        "nixpkgs": "nixpkgs"
      }
    }
  },
  "root": "root",
  "version": 7
}
