{
  "nodes": {
    "root": {
      "inputs": {
        "v2505": "v2505",
        "xdb": "xdb"
      }
    },
    "v2505": {
      "locked": {
        "lastModified": 1757347588,
        "narHash": "sha256-tLdkkC6XnsY9EOZW9TlpesTclELy8W7lL2ClL+nma8o=",
        "owner": "NixOS",
        "repo": "nixpkgs",
        "rev": "b599843bad24621dcaa5ab60dac98f9b0eb1cabe",
        "type": "github"
      },
      "original": {
        "owner": "NixOS",
        "ref": "nixos-unstable",
        "repo": "nixpkgs",
        "type": "github"
      }
    },
    "xdb": {
      "flake": false,
      "locked": {
        "lastModified": 1747796359,
        "narHash": "sha256-9C6loPF0+SAFLxiBBemuzwoDZkotBYMMAntJqjnpRjU=",
        "owner": "crossdb-org",
        "repo": "crossdb",
        "rev": "a02e4bef6cf8a9e7648c1844c6a7f196e7ce47a1",
        "type": "github"
      },
      "original": {
        "owner": "crossdb-org",
        "ref": "0.14.0",
        "repo": "crossdb",
        "type": "github"
      }
    }
  },
  "root": "root",
  "version": 7
}
